github.com/heyjp/bjj-tools/dircheck v0.0.0-20221208185336-e81a41e66468 h1:SOKM8wonoikxFqUUHwGAuUVZAIdKCvB6eYO588TGeh4=
github.com/heyjp/bjj-tools/dircheck v0.0.0-20221208185336-e81a41e66468/go.mod h1:LygmQNwMy9rp60FZ5A+9+pJ+uC0DQP+/tgSN4AspeJc=
github.com/heyjp/bjj-tools/dircheck v0.0.0-20221209153059-4993aede89cc h1:jpTBSCKevJqKEjS62wAFL2Qid3asTxGTXnKkcOE82cM=
github.com/heyjp/bjj-tools/dircheck v0.0.0-20221209153059-4993aede89cc/go.mod h1:LygmQNwMy9rp60FZ5A+9+pJ+uC0DQP+/tgSN4AspeJc=
