github.com/heyjp/bjj-tools/dircheck v0.0.0-20221128142339-f5aa2ee0e211 h1:FkjMzxlTjTrEdGmSANKwymYCncySj605Q29NVoaefNM=
github.com/heyjp/bjj-tools/dircheck v0.0.0-20221128142339-f5aa2ee0e211/go.mod h1:LygmQNwMy9rp60FZ5A+9+pJ+uC0DQP+/tgSN4AspeJc=
github.com/heyjp/bjj-tools/dircheck v0.0.0-20221128192804-c259c70056eb h1:KubDeBtTb8sWctE+WnUYxKbRHqRZuiP8Lb3wHTWlaqk=
github.com/heyjp/bjj-tools/dircheck v0.0.0-20221128192804-c259c70056eb/go.mod h1:LygmQNwMy9rp60FZ5A+9+pJ+uC0DQP+/tgSN4AspeJc=
github.com/heyjp/bjj-tools/dircheck v0.0.0-20221128193600-d9c39de9ee63 h1:xZSagj8ZF3q1kaDMUD+ZSlC2sj6qacnJv2/Is3ahLS8=
github.com/heyjp/bjj-tools/dircheck v0.0.0-20221128193600-d9c39de9ee63/go.mod h1:LygmQNwMy9rp60FZ5A+9+pJ+uC0DQP+/tgSN4AspeJc=
github.com/heyjp/bjj-tools/dircheck v0.0.0-20221128195426-9fb403422eb8 h1:c5IDnw+WBjuiuZjdi3aO6+kWQcDMu7GmCDWhM6R2YNE=
github.com/heyjp/bjj-tools/dircheck v0.0.0-20221128195426-9fb403422eb8/go.mod h1:LygmQNwMy9rp60FZ5A+9+pJ+uC0DQP+/tgSN4AspeJc=
github.com/heyjp/bjj-tools/dircheck v0.0.0-20221128203946-710a3ba6730c h1:c00inMTfRLIliaHgweLicwCGWO65k7zL6wsq0HT0MOg=
github.com/heyjp/bjj-tools/dircheck v0.0.0-20221128203946-710a3ba6730c/go.mod h1:LygmQNwMy9rp60FZ5A+9+pJ+uC0DQP+/tgSN4AspeJc=
github.com/heyjp/bjj-tools/extractor v0.0.0-20221128142339-f5aa2ee0e211 h1:+b5xlfCHy0a+n97cvqzEG5Xb379SDnCN7+P5ENjBWNw=
github.com/heyjp/bjj-tools/extractor v0.0.0-20221128142339-f5aa2ee0e211/go.mod h1:dIpPhw/VJz+B8K2Qvr14sLNKkIl/+S3fX1g4oHOVhF8=
github.com/heyjp/bjj-tools/extractor v0.0.0-20221128192804-c259c70056eb h1:/HPhplUfjCuXdCOwqnh6kpGQlzvpuA0FxRjc15u/RgA=
github.com/heyjp/bjj-tools/extractor v0.0.0-20221128192804-c259c70056eb/go.mod h1:dIpPhw/VJz+B8K2Qvr14sLNKkIl/+S3fX1g4oHOVhF8=
github.com/heyjp/bjj-tools/extractor v0.0.0-20221128193600-d9c39de9ee63 h1:X+84Mv2dGteSPZYHZzNtGZluPe9KIr60sTfKkoDdUCw=
github.com/heyjp/bjj-tools/extractor v0.0.0-20221128193600-d9c39de9ee63/go.mod h1:dIpPhw/VJz+B8K2Qvr14sLNKkIl/+S3fX1g4oHOVhF8=
github.com/heyjp/bjj-tools/extractor v0.0.0-20221128195426-9fb403422eb8 h1:Ib1QrtpLmSq7iDOLRz12uQOfKYtLuJ5TXfBLG/VYDOE=
github.com/heyjp/bjj-tools/extractor v0.0.0-20221128195426-9fb403422eb8/go.mod h1:dIpPhw/VJz+B8K2Qvr14sLNKkIl/+S3fX1g4oHOVhF8=
github.com/heyjp/bjj-tools/extractor v0.0.0-20221128203946-710a3ba6730c h1:qbDcTrtQ8K3rtSiMd1f6MKqECS9UyViyMoD3PnZbcI4=
github.com/heyjp/bjj-tools/extractor v0.0.0-20221128203946-710a3ba6730c/go.mod h1:dIpPhw/VJz+B8K2Qvr14sLNKkIl/+S3fX1g4oHOVhF8=
github.com/heyjp/bjj-tools/metadata v0.0.0-20221128142339-f5aa2ee0e211 h1:aGTbNUwibeGpf8DfhgP39+XCDN/ZKyvJNlnR5t+WIos=
github.com/heyjp/bjj-tools/metadata v0.0.0-20221128142339-f5aa2ee0e211/go.mod h1:1zpj7ssGuQNljkclyWRyf2Ij/InftdWyTxufE4J6hqY=
github.com/heyjp/bjj-tools/metadata v0.0.0-20221128192804-c259c70056eb h1:mCm8q3T8DUUsTZo3wZxA+jj4f7tJN0pVn6tTcFOIYwc=
github.com/heyjp/bjj-tools/metadata v0.0.0-20221128192804-c259c70056eb/go.mod h1:1zpj7ssGuQNljkclyWRyf2Ij/InftdWyTxufE4J6hqY=
