github.com/anaskhan96/soup v1.2.5 h1:V/FHiusdTrPrdF4iA1YkVxsOpdNcgvqT1hG+YtcZ5hM=
github.com/anaskhan96/soup v1.2.5/go.mod h1:6YnEp9A2yywlYdM4EgDz9NEHclocMepEtku7wg6Cq3s=
github.com/davecgh/go-spew v1.1.0/go.mod h1:J7Y8YcW2NihsgmVo/mv3lAwl/skON4iLHjSsI+c5H38=
github.com/heyjp/bjj-tools/chapters v0.0.0-20221201200419-362005314a6b h1:DY8S6T+H5ChsF2Z94IO7aXWkgJ6cr8qizs7MwUe6Nk4=
github.com/heyjp/bjj-tools/chapters v0.0.0-20221201200419-362005314a6b/go.mod h1:Yl8R5eRec9cTmI14v51/q4IP4r3VzvXK/oLlcFcu+jY=
github.com/heyjp/bjj-tools/chapters v0.0.0-20221201221549-98c8127b7e49 h1:X2oCWeq9SMQ+MGIUh2CZFZXpsGpBQGImYxTSW3hfEiY=
github.com/heyjp/bjj-tools/chapters v0.0.0-20221201221549-98c8127b7e49/go.mod h1:Yl8R5eRec9cTmI14v51/q4IP4r3VzvXK/oLlcFcu+jY=
github.com/heyjp/bjj-tools/chapters v0.0.0-20221206132033-8eb624d977dc h1:a15U3ocJtcUe+QcDI+9mGWwzAIsol6U06f4BTi1pBxs=
github.com/heyjp/bjj-tools/chapters v0.0.0-20221206132033-8eb624d977dc/go.mod h1:Yl8R5eRec9cTmI14v51/q4IP4r3VzvXK/oLlcFcu+jY=
github.com/heyjp/bjj-tools/chapters v0.0.0-20221206145337-a24bf2035c49 h1:vyzaW8WynXHcBBqzhIa/FiSDgSODaRDWVVkpE81ST3c=
github.com/heyjp/bjj-tools/chapters v0.0.0-20221206145337-a24bf2035c49/go.mod h1:Yl8R5eRec9cTmI14v51/q4IP4r3VzvXK/oLlcFcu+jY=
github.com/heyjp/bjj-tools/chapters v0.0.0-20221206153429-bd680a4ac404 h1:XEn8ixGqOD5CXikOpSMoDwMIAljc9qj0x0ddHE7jFOQ=
github.com/heyjp/bjj-tools/chapters v0.0.0-20221206153429-bd680a4ac404/go.mod h1:Yl8R5eRec9cTmI14v51/q4IP4r3VzvXK/oLlcFcu+jY=
github.com/heyjp/bjj-tools/chapters v0.0.0-20221206154706-6b72c114628f h1:cvvNGp2DW10/b4e6hw88VvQa1Z81fVrZvcE/YnbZWgs=
github.com/heyjp/bjj-tools/chapters v0.0.0-20221206154706-6b72c114628f/go.mod h1:Yl8R5eRec9cTmI14v51/q4IP4r3VzvXK/oLlcFcu+jY=
github.com/heyjp/bjj-tools/chapters v0.0.0-20221206155607-be27ac1194ad h1:LPRtMFi+YzbeA/hKSA+km/9fCjidL6DSctMbEqsfvrM=
github.com/heyjp/bjj-tools/chapters v0.0.0-20221206155607-be27ac1194ad/go.mod h1:Yl8R5eRec9cTmI14v51/q4IP4r3VzvXK/oLlcFcu+jY=
github.com/heyjp/bjj-tools/chapters v0.0.0-20221206155922-9a79b42e989f h1:zrIm3CiemQnPFeBdxuLf4wdvPGUw+2RgbVkev0TZBSM=
github.com/heyjp/bjj-tools/chapters v0.0.0-20221206155922-9a79b42e989f/go.mod h1:Yl8R5eRec9cTmI14v51/q4IP4r3VzvXK/oLlcFcu+jY=
github.com/heyjp/bjj-tools/chapters v0.0.0-20221206163528-0485376e944c h1:3iDE66GcwJQ1jC133WVMEZ3d6EX4DCITNBkLHB+2pQ8=
github.com/heyjp/bjj-tools/chapters v0.0.0-20221206163528-0485376e944c/go.mod h1:Yl8R5eRec9cTmI14v51/q4IP4r3VzvXK/oLlcFcu+jY=
github.com/heyjp/bjj-tools/chapters v0.0.0-20221206171431-7420d9eca0ac h1:YI7J0rh2txbioW7h30iZFN+YoajN2sNaufnn9FTSUZk=
github.com/heyjp/bjj-tools/chapters v0.0.0-20221206171431-7420d9eca0ac/go.mod h1:Yl8R5eRec9cTmI14v51/q4IP4r3VzvXK/oLlcFcu+jY=
github.com/heyjp/bjj-tools/chapters v0.0.0-20221207154304-0ef7d97c5fc4 h1:DBA6hTnVtouZCaRpBUpdesJhynzvlrP5KJEGdF1uF6k=
github.com/heyjp/bjj-tools/chapters v0.0.0-20221207154304-0ef7d97c5fc4/go.mod h1:Yl8R5eRec9cTmI14v51/q4IP4r3VzvXK/oLlcFcu+jY=
github.com/heyjp/bjj-tools/dircheck v0.0.0-20221201200419-362005314a6b h1:JE0bMP0pUiKNdbHOCTWPkpA9LlZIp8Ig0fLlBiO/VO4=
github.com/heyjp/bjj-tools/dircheck v0.0.0-20221201200419-362005314a6b/go.mod h1:LygmQNwMy9rp60FZ5A+9+pJ+uC0DQP+/tgSN4AspeJc=
github.com/heyjp/bjj-tools/dircheck v0.0.0-20221201221549-98c8127b7e49 h1:PPTiTgI5AO9wY11yrG6q39vsIR0GQIVTxEyGmmWDCdE=
github.com/heyjp/bjj-tools/dircheck v0.0.0-20221201221549-98c8127b7e49/go.mod h1:LygmQNwMy9rp60FZ5A+9+pJ+uC0DQP+/tgSN4AspeJc=
github.com/heyjp/bjj-tools/dircheck v0.0.0-20221206132033-8eb624d977dc h1:hL06OC3krr3gmBqxHxRgN30i1HLIhXJRbZc3MMX6VmA=
github.com/heyjp/bjj-tools/dircheck v0.0.0-20221206132033-8eb624d977dc/go.mod h1:LygmQNwMy9rp60FZ5A+9+pJ+uC0DQP+/tgSN4AspeJc=
github.com/heyjp/bjj-tools/dircheck v0.0.0-20221206145337-a24bf2035c49 h1:Qf/IrtdTORlhQIlYgRG7VUWnlEXFWUEA2Clq6UfaA7A=
github.com/heyjp/bjj-tools/dircheck v0.0.0-20221206145337-a24bf2035c49/go.mod h1:LygmQNwMy9rp60FZ5A+9+pJ+uC0DQP+/tgSN4AspeJc=
github.com/heyjp/bjj-tools/dircheck v0.0.0-20221206153429-bd680a4ac404 h1:/73x1ZGIF+5WgmcZ4IZqI61PeQ8FJOOtrVCsz+FEK7c=
github.com/heyjp/bjj-tools/dircheck v0.0.0-20221206153429-bd680a4ac404/go.mod h1:LygmQNwMy9rp60FZ5A+9+pJ+uC0DQP+/tgSN4AspeJc=
github.com/heyjp/bjj-tools/dircheck v0.0.0-20221206154706-6b72c114628f h1:/0KIxPvO2gncqVs6I8lTfeKV6yk3kSUm4AgdvRssusU=
github.com/heyjp/bjj-tools/dircheck v0.0.0-20221206154706-6b72c114628f/go.mod h1:LygmQNwMy9rp60FZ5A+9+pJ+uC0DQP+/tgSN4AspeJc=
github.com/heyjp/bjj-tools/dircheck v0.0.0-20221206155607-be27ac1194ad h1:yx3O0SUVg7StHoYZW4GIeBLdMuPrrOOG0+RSC4gy5jY=
github.com/heyjp/bjj-tools/dircheck v0.0.0-20221206155607-be27ac1194ad/go.mod h1:LygmQNwMy9rp60FZ5A+9+pJ+uC0DQP+/tgSN4AspeJc=
github.com/heyjp/bjj-tools/dircheck v0.0.0-20221206155922-9a79b42e989f h1:3nsb3X+Rk9puNzVNaBXKu5dLZFG4TmrL/Ekv9VWfUeE=
github.com/heyjp/bjj-tools/dircheck v0.0.0-20221206155922-9a79b42e989f/go.mod h1:LygmQNwMy9rp60FZ5A+9+pJ+uC0DQP+/tgSN4AspeJc=
github.com/heyjp/bjj-tools/dircheck v0.0.0-20221206163528-0485376e944c h1:PFzIoAa/9FnuKbyuHSX6wUB+VPdekvh+xRJAobZgnBw=
github.com/heyjp/bjj-tools/dircheck v0.0.0-20221206163528-0485376e944c/go.mod h1:LygmQNwMy9rp60FZ5A+9+pJ+uC0DQP+/tgSN4AspeJc=
github.com/heyjp/bjj-tools/dircheck v0.0.0-20221206171431-7420d9eca0ac h1:VKltcoG9CEZjY8duTMtB+TPY4AhAZ1u5326vyoLJxPs=
github.com/heyjp/bjj-tools/dircheck v0.0.0-20221206171431-7420d9eca0ac/go.mod h1:LygmQNwMy9rp60FZ5A+9+pJ+uC0DQP+/tgSN4AspeJc=
github.com/heyjp/bjj-tools/dircheck v0.0.0-20221207154304-0ef7d97c5fc4 h1:AOf+BTXukd60Wuwy1tSmu+Yd+EDV7XWHb54e8YAxS2w=
github.com/heyjp/bjj-tools/dircheck v0.0.0-20221207154304-0ef7d97c5fc4/go.mod h1:LygmQNwMy9rp60FZ5A+9+pJ+uC0DQP+/tgSN4AspeJc=
github.com/heyjp/bjj-tools/fanatics_crawler v0.0.0-20221201200419-362005314a6b h1:2L7ZZWg35ZzdBqset6qV9LpJCb/PYuZx0mNrhd7uUvY=
github.com/heyjp/bjj-tools/fanatics_crawler v0.0.0-20221201200419-362005314a6b/go.mod h1:dgbUwaf67h1pI0cwtkyaJMvfKEQIkIEkzKQBUk39wwM=
github.com/heyjp/bjj-tools/fanatics_crawler v0.0.0-20221201221549-98c8127b7e49 h1:5JgdDBCCZza4N63GxshfisLhEjlrVDDnu8yCZRrxSiI=
github.com/heyjp/bjj-tools/fanatics_crawler v0.0.0-20221201221549-98c8127b7e49/go.mod h1:dgbUwaf67h1pI0cwtkyaJMvfKEQIkIEkzKQBUk39wwM=
github.com/heyjp/bjj-tools/fanatics_crawler v0.0.0-20221206132033-8eb624d977dc h1:4T1w80tKHPn2Gmb55D/bfRR8ODUXd/tPsOHtEKzrzT4=
github.com/heyjp/bjj-tools/fanatics_crawler v0.0.0-20221206132033-8eb624d977dc/go.mod h1:dgbUwaf67h1pI0cwtkyaJMvfKEQIkIEkzKQBUk39wwM=
github.com/heyjp/bjj-tools/fanatics_crawler v0.0.0-20221206145337-a24bf2035c49 h1:vBuqjyjwLLyM44YP7pGZOPpjZbM0mGxSGikeGkjwbbU=
github.com/heyjp/bjj-tools/fanatics_crawler v0.0.0-20221206145337-a24bf2035c49/go.mod h1:dgbUwaf67h1pI0cwtkyaJMvfKEQIkIEkzKQBUk39wwM=
github.com/heyjp/bjj-tools/fanatics_crawler v0.0.0-20221206153429-bd680a4ac404 h1:L5HZmerqyeBK4/7YNyRzxmzz/OoIDGS6FeRBt6iCIWE=
github.com/heyjp/bjj-tools/fanatics_crawler v0.0.0-20221206153429-bd680a4ac404/go.mod h1:dgbUwaf67h1pI0cwtkyaJMvfKEQIkIEkzKQBUk39wwM=
github.com/heyjp/bjj-tools/fanatics_crawler v0.0.0-20221206154706-6b72c114628f h1:ussoruqbK4BC1uVpCy7N9GKrx8rrzFFmhScqhkjFYhw=
github.com/heyjp/bjj-tools/fanatics_crawler v0.0.0-20221206154706-6b72c114628f/go.mod h1:dgbUwaf67h1pI0cwtkyaJMvfKEQIkIEkzKQBUk39wwM=
github.com/heyjp/bjj-tools/fanatics_crawler v0.0.0-20221206155607-be27ac1194ad h1:wv5LcZDineB2mBJDp5RwlJdBJdVe58IcqhBuENJbVOc=
github.com/heyjp/bjj-tools/fanatics_crawler v0.0.0-20221206155607-be27ac1194ad/go.mod h1:dgbUwaf67h1pI0cwtkyaJMvfKEQIkIEkzKQBUk39wwM=
github.com/heyjp/bjj-tools/fanatics_crawler v0.0.0-20221206155922-9a79b42e989f h1:jdavV5H8Gy5/r6zyyGyKJ6Pj1qwMCb7CU0ITJ6kXFDA=
github.com/heyjp/bjj-tools/fanatics_crawler v0.0.0-20221206155922-9a79b42e989f/go.mod h1:dgbUwaf67h1pI0cwtkyaJMvfKEQIkIEkzKQBUk39wwM=
github.com/heyjp/bjj-tools/fanatics_crawler v0.0.0-20221206163528-0485376e944c h1:DWLkkdWreX+p1gxlDYPNXUzJhwK8SPWvLaIWpKn+GUw=
github.com/heyjp/bjj-tools/fanatics_crawler v0.0.0-20221206163528-0485376e944c/go.mod h1:dgbUwaf67h1pI0cwtkyaJMvfKEQIkIEkzKQBUk39wwM=
github.com/heyjp/bjj-tools/fanatics_crawler v0.0.0-20221206171431-7420d9eca0ac h1:dGObtopQADpZRfeOg4f5hsH44TTv/F4Txl82vvuOf5M=
github.com/heyjp/bjj-tools/fanatics_crawler v0.0.0-20221206171431-7420d9eca0ac/go.mod h1:dgbUwaf67h1pI0cwtkyaJMvfKEQIkIEkzKQBUk39wwM=
github.com/heyjp/bjj-tools/fanatics_crawler v0.0.0-20221207154304-0ef7d97c5fc4 h1:SzVZUCr2fO9GTqKfY9rTy/7HQB7O9/nmMP5IRfh3Svc=
github.com/heyjp/bjj-tools/fanatics_crawler v0.0.0-20221207154304-0ef7d97c5fc4/go.mod h1:dgbUwaf67h1pI0cwtkyaJMvfKEQIkIEkzKQBUk39wwM=
github.com/heyjp/bjj-tools/fanatics_search v0.0.0-20221201200419-362005314a6b h1:zan8bII8AXWF3R+Ue6TD8165fLYD0lSrhLm/nMSAbUk=
github.com/heyjp/bjj-tools/fanatics_search v0.0.0-20221201200419-362005314a6b/go.mod h1:a2T7srvialK9utU1QsZqhqlPweTtcR3WarWIGhEwy34=
github.com/heyjp/bjj-tools/fanatics_search v0.0.0-20221201221549-98c8127b7e49 h1:sOp4I3tKkMH5Cb45bArfy2InsrJRfXvLvwqoTmsHKm4=
github.com/heyjp/bjj-tools/fanatics_search v0.0.0-20221201221549-98c8127b7e49/go.mod h1:a2T7srvialK9utU1QsZqhqlPweTtcR3WarWIGhEwy34=
github.com/heyjp/bjj-tools/fanatics_search v0.0.0-20221206132033-8eb624d977dc h1:8eJgKXwKZFQLID5Y8cShhZLFV25xU6zNRAiPSFIsJUY=
github.com/heyjp/bjj-tools/fanatics_search v0.0.0-20221206132033-8eb624d977dc/go.mod h1:a2T7srvialK9utU1QsZqhqlPweTtcR3WarWIGhEwy34=
github.com/heyjp/bjj-tools/fanatics_search v0.0.0-20221206145337-a24bf2035c49 h1:IELyJfCVO6q8+sbkki6gD0V1ZtixQJaxb/Jdi9SJj3A=
github.com/heyjp/bjj-tools/fanatics_search v0.0.0-20221206145337-a24bf2035c49/go.mod h1:a2T7srvialK9utU1QsZqhqlPweTtcR3WarWIGhEwy34=
github.com/heyjp/bjj-tools/fanatics_search v0.0.0-20221206153429-bd680a4ac404 h1:i91inoBwbpgCIHcoCr3woznKyx/VOfaXObSqpwpZpT0=
github.com/heyjp/bjj-tools/fanatics_search v0.0.0-20221206153429-bd680a4ac404/go.mod h1:a2T7srvialK9utU1QsZqhqlPweTtcR3WarWIGhEwy34=
github.com/heyjp/bjj-tools/fanatics_search v0.0.0-20221206154706-6b72c114628f h1:dSzN0WwwkgHnPrlpfgxJSUOiq1Bq1x3b+w7EBZ/VFE4=
github.com/heyjp/bjj-tools/fanatics_search v0.0.0-20221206154706-6b72c114628f/go.mod h1:a2T7srvialK9utU1QsZqhqlPweTtcR3WarWIGhEwy34=
github.com/heyjp/bjj-tools/fanatics_search v0.0.0-20221206155607-be27ac1194ad h1:Uh5hrKZy4qaSCXlAnJpiM2a2BqR0Tu2+mOTBfalHetk=
github.com/heyjp/bjj-tools/fanatics_search v0.0.0-20221206155607-be27ac1194ad/go.mod h1:a2T7srvialK9utU1QsZqhqlPweTtcR3WarWIGhEwy34=
github.com/heyjp/bjj-tools/fanatics_search v0.0.0-20221206155922-9a79b42e989f h1:1jIHwNUuW3ro/KayGGRy5rZ+RDAiKvG/WXm1C46rQfE=
github.com/heyjp/bjj-tools/fanatics_search v0.0.0-20221206155922-9a79b42e989f/go.mod h1:a2T7srvialK9utU1QsZqhqlPweTtcR3WarWIGhEwy34=
github.com/heyjp/bjj-tools/fanatics_search v0.0.0-20221206163528-0485376e944c h1:QtVh5LpaR31T7sC6+GvZPY2ouxmOibWpSRh5W3LE72I=
github.com/heyjp/bjj-tools/fanatics_search v0.0.0-20221206163528-0485376e944c/go.mod h1:a2T7srvialK9utU1QsZqhqlPweTtcR3WarWIGhEwy34=
github.com/heyjp/bjj-tools/fanatics_search v0.0.0-20221206171431-7420d9eca0ac h1:jQt4u5/8vNcPn/w+Z/ZBLU9OeBWYxN+OgCaIucWZAqQ=
github.com/heyjp/bjj-tools/fanatics_search v0.0.0-20221206171431-7420d9eca0ac/go.mod h1:a2T7srvialK9utU1QsZqhqlPweTtcR3WarWIGhEwy34=
github.com/heyjp/bjj-tools/fanatics_search v0.0.0-20221207154304-0ef7d97c5fc4 h1:TK/P00Rx8DkzUSBPewhikU9nGQp+oAZmK+4PAal2fgA=
github.com/heyjp/bjj-tools/fanatics_search v0.0.0-20221207154304-0ef7d97c5fc4/go.mod h1:a2T7srvialK9utU1QsZqhqlPweTtcR3WarWIGhEwy34=
github.com/pmezard/go-difflib v1.0.0/go.mod h1:iKH77koFhYxTK1pcRnkKkqfTogsbg7gZNVY4sRDYZ/4=
github.com/stretchr/objx v0.1.0/go.mod h1:HFkY916IF+rwdDfMAkV7OtwuqBVzrE8GR6GFx+wExME=
github.com/stretchr/testify v1.6.1/go.mod h1:6Fq8oRcR53rry900zMqJjRRixrwX3KX962/h/Wwjteg=
golang.org/x/crypto v0.0.0-20190308221718-c2843e01d9a2/go.mod h1:djNgcEr1/C05ACkg1iLfiJU5Ep61QUkGW8qpdssI0+w=
golang.org/x/net v0.0.0-20200114155413-6afb5195e5aa/go.mod h1:z5CRVTTTmAJ677TzLLGU+0bjPO0LkuOLi4/5GtJWs/s=
golang.org/x/net v0.2.0 h1:sZfSu1wtKLGlWI4ZZayP0ck9Y73K1ynO6gqzTdBVdPU=
golang.org/x/net v0.2.0/go.mod h1:KqCZLdyyvdV855qA2rE3GC2aiw5xGR5TEjj8smXukLY=
golang.org/x/net v0.3.0 h1:VWL6FNY2bEEmsGVKabSlHu5Irp34xmMRoqb/9lF9lxk=
golang.org/x/net v0.3.0/go.mod h1:MBQ8lrhLObU/6UmLb4fmbmk5OcyYmqtbGd/9yIeKjEE=
golang.org/x/net v0.4.0 h1:Q5QPcMlvfxFTAPV0+07Xz/MpK9NTXu2VDUuy0FeMfaU=
golang.org/x/net v0.4.0/go.mod h1:MBQ8lrhLObU/6UmLb4fmbmk5OcyYmqtbGd/9yIeKjEE=
golang.org/x/sys v0.0.0-20190215142949-d0b11bdaac8a/go.mod h1:STP8DvDyc/dI5b8T5hshtkjS+E42TnysNCUPdjciGhY=
golang.org/x/text v0.3.0/go.mod h1:NqM8EUOU14njkJ3fqMW+pc6Ldnwhi/IjpwHt7yyuwOQ=
golang.org/x/text v0.4.0 h1:BrVqGRd7+k1DiOgtnFvAkoQEWQvBc25ouMJM6429SFg=
golang.org/x/text v0.4.0/go.mod h1:mrYo+phRRbMaCq/xk9113O4dZlRixOauAjOtrjsXDZ8=
golang.org/x/text v0.5.0 h1:OLmvp0KP+FVG99Ct/qFiL/Fhk4zp4QQnZ7b2U+5piUM=
golang.org/x/text v0.5.0/go.mod h1:mrYo+phRRbMaCq/xk9113O4dZlRixOauAjOtrjsXDZ8=
gopkg.in/check.v1 v0.0.0-20161208181325-20d25e280405/go.mod h1:Co6ibVJAznAaIkqp8huTwlJQCZ016jof/cbN4VW5Yz0=
gopkg.in/yaml.v3 v3.0.0-20200313102051-9f266ea9e77c/go.mod h1:K4uyk7z7BCEPqu6E+C64Yfv1cQ7kz7rIZviUmN+EgEM=
